{
  "object": {
    "pins": [
      {
        "package": "SalemoveSDK",
        "repositoryURL": "https://github.com/gersonnoboa/glia-core",
        "state": {
          "branch": null,
          "revision": "22405b2c07b4d4d0c69c83240ddc23cd99524b36",
          "version": "1.0.2"
        }
      }
    ]
  },
  "version": 1
}
