{
  "object": {
    "pins": [
      {
        "package": "Alamofire",
        "repositoryURL": "https://github.com/Alamofire/Alamofire.git",
        "state": {
          "branch": null,
          "revision": "eaf6e622dd41b07b251d8f01752eab31bc811493",
          "version": "5.4.1"
        }
      },
      {
        "package": "SalemoveSDK",
        "repositoryURL": "https://github.com/gersonnoboa/glia-core",
        "state": {
          "branch": null,
          "revision": "b2fd140b1ad3fab44029ffa630a43ee3f49a26e3",
          "version": "1.0.1"
        }
      },
      {
        "package": "Macaw",
        "repositoryURL": "https://github.com/exyte/Macaw.git",
        "state": {
          "branch": null,
          "revision": "7cb4f5876423435e1a41628417230accc37284c6",
          "version": "0.9.7"
        }
      },
      {
        "package": "Moya",
        "repositoryURL": "https://github.com/Moya/Moya.git",
        "state": {
          "branch": null,
          "revision": "b3e5a233e0d85fd4d69f561c80988590859c7dee",
          "version": "14.0.0"
        }
      },
      {
        "package": "ReactiveSwift",
        "repositoryURL": "https://github.com/ReactiveCocoa/ReactiveSwift.git",
        "state": {
          "branch": null,
          "revision": "e03cda84105ba707de039b757e2b2de868c65a3e",
          "version": "6.5.0"
        }
      },
      {
        "package": "RxSwift",
        "repositoryURL": "https://github.com/ReactiveX/RxSwift.git",
        "state": {
          "branch": null,
          "revision": "002d325b0bdee94e7882e1114af5ff4fe1e96afa",
          "version": "5.1.1"
        }
      },
      {
        "package": "SocketIO",
        "repositoryURL": "https://github.com/socketio/socket.io-client-swift",
        "state": {
          "branch": null,
          "revision": "36db2ff0ebc7239187f9b382fd318e122da71caa",
          "version": "15.2.0"
        }
      },
      {
        "package": "Starscream",
        "repositoryURL": "https://github.com/daltoniam/Starscream.git",
        "state": {
          "branch": null,
          "revision": "e6b65c6d9077ea48b4a7bdda8994a1d3c6969c8d",
          "version": "3.1.1"
        }
      },
      {
        "package": "swift-nio-zlib-support",
        "repositoryURL": "https://github.com/apple/swift-nio-zlib-support.git",
        "state": {
          "branch": null,
          "revision": "37760e9a52030bb9011972c5213c3350fa9d41fd",
          "version": "1.0.0"
        }
      },
      {
        "package": "SwiftPhoenixClient",
        "repositoryURL": "https://github.com/davidstump/SwiftPhoenixClient.git",
        "state": {
          "branch": null,
          "revision": "7de9b726f6eba4207ec29a9e84c9895aea33d914",
          "version": "1.2.1"
        }
      },
      {
        "package": "SWXMLHash",
        "repositoryURL": "https://github.com/drmohundro/SWXMLHash",
        "state": {
          "branch": null,
          "revision": "9183170d20857753d4f331b0ca63f73c60764bf3",
          "version": "5.0.2"
        }
      },
      {
        "package": "TwilioVoice",
        "repositoryURL": "https://github.com/twilio/twilio-voice-ios",
        "state": {
          "branch": null,
          "revision": "9779c5a4132c0e2567b85efb7cb69ca8aba6d43e",
          "version": "6.2.0"
        }
      },
      {
        "package": "WebRTC",
        "repositoryURL": "https://github.com/alexpiezo/WebRTC.git",
        "state": {
          "branch": null,
          "revision": "d014e28128f1647854bb5e90207ac5341ed6385f",
          "version": "1.1.31567"
        }
      }
    ]
  },
  "version": 1
}
